// !$*UTF8*$!
{
	archiveVersion = 1;
	classes = {
	};
	objectVersion = 51;
	objects = {

/* Begin PBXBuildFile section */
		1A313B4B26A573D600927EC3 /* KakaoService.swift in Sources */ = {isa = PBXBuildFile; fileRef = 1A333EF4268D94830045B971 /* KakaoService.swift */; };
		1A313B4C26A5918100927EC3 /* BlogPosts.swift in Sources */ = {isa = PBXBuildFile; fileRef = 1A333EC8268D7A700045B971 /* BlogPosts.swift */; };
		1A313B4D26A5918400927EC3 /* CafePosts.swift in Sources */ = {isa = PBXBuildFile; fileRef = 1A333EC6268D7A700045B971 /* CafePosts.swift */; };
		1A333EC9268D7A700045B971 /* CafePosts.swift in Sources */ = {isa = PBXBuildFile; fileRef = 1A333EC6268D7A700045B971 /* CafePosts.swift */; };
		1A333ECA268D7A700045B971 /* Post.swift in Sources */ = {isa = PBXBuildFile; fileRef = 1A333EC7268D7A700045B971 /* Post.swift */; };
		1A333ECB268D7A700045B971 /* BlogPosts.swift in Sources */ = {isa = PBXBuildFile; fileRef = 1A333EC8268D7A700045B971 /* BlogPosts.swift */; };
		1A333ED1268D7AEC0045B971 /* DetailViewController.swift in Sources */ = {isa = PBXBuildFile; fileRef = 1A333ECD268D7AEC0045B971 /* DetailViewController.swift */; };
		1A333ED2268D7AEC0045B971 /* PostViewController.swift in Sources */ = {isa = PBXBuildFile; fileRef = 1A333ECE268D7AEC0045B971 /* PostViewController.swift */; };
		1A333ED3268D7AEC0045B971 /* PostListTableViewCell.swift in Sources */ = {isa = PBXBuildFile; fileRef = 1A333ECF268D7AEC0045B971 /* PostListTableViewCell.swift */; };
		1A333ED4268D7AEC0045B971 /* PostListViewController.swift in Sources */ = {isa = PBXBuildFile; fileRef = 1A333ED0268D7AEC0045B971 /* PostListViewController.swift */; };
		1A333ED8268D7B390045B971 /* UITableView+Empty.swift in Sources */ = {isa = PBXBuildFile; fileRef = 1A333ED5268D7B390045B971 /* UITableView+Empty.swift */; };
		1A333EDC268D7B490045B971 /* DateUtil.swift in Sources */ = {isa = PBXBuildFile; fileRef = 1A333EDB268D7B490045B971 /* DateUtil.swift */; };
		1A333EE4268D7BC70045B971 /* Assets.xcassets in Resources */ = {isa = PBXBuildFile; fileRef = 1A333EDD268D7BC70045B971 /* Assets.xcassets */; };
		1A333EE5268D7BC70045B971 /* PostListTableViewCell.xib in Resources */ = {isa = PBXBuildFile; fileRef = 1A333EDE268D7BC70045B971 /* PostListTableViewCell.xib */; };
		1A333EEC268D7BD50045B971 /* LaunchScreen.storyboard in Resources */ = {isa = PBXBuildFile; fileRef = 1A333EE8268D7BD50045B971 /* LaunchScreen.storyboard */; };
		1A333EED268D7BD50045B971 /* Main.storyboard in Resources */ = {isa = PBXBuildFile; fileRef = 1A333EEA268D7BD50045B971 /* Main.storyboard */; };
		1A333EF0268D7CB20045B971 /* PostListViewModel.swift in Sources */ = {isa = PBXBuildFile; fileRef = 1A333EEF268D7CB20045B971 /* PostListViewModel.swift */; };
		1A333EF5268D94830045B971 /* KakaoService.swift in Sources */ = {isa = PBXBuildFile; fileRef = 1A333EF4268D94830045B971 /* KakaoService.swift */; };
		1AB78C94268DFB3D008029F0 /* PostViewModel.swift in Sources */ = {isa = PBXBuildFile; fileRef = 1AB78C93268DFB3D008029F0 /* PostViewModel.swift */; };
		1AB78C9D268F1CE4008029F0 /* PostListViewModel.swift in Sources */ = {isa = PBXBuildFile; fileRef = 1A333EEF268D7CB20045B971 /* PostListViewModel.swift */; };
		1AB78C9F268F1CE7008029F0 /* PostViewModel.swift in Sources */ = {isa = PBXBuildFile; fileRef = 1AB78C93268DFB3D008029F0 /* PostViewModel.swift */; };
		1AB78CA5268F1CF0008029F0 /* Post.swift in Sources */ = {isa = PBXBuildFile; fileRef = 1A333EC7268D7A700045B971 /* Post.swift */; };
		1AB78CB4268F59C6008029F0 /* PostViewModelTests.swift in Sources */ = {isa = PBXBuildFile; fileRef = 1AB78CB3268F59C6008029F0 /* PostViewModelTests.swift */; };
		1AB78CB5268F6E35008029F0 /* DateUtil.swift in Sources */ = {isa = PBXBuildFile; fileRef = 1A333EDB268D7B490045B971 /* DateUtil.swift */; };
		1ACB7EA02689CD80009538EA /* AppDelegate.swift in Sources */ = {isa = PBXBuildFile; fileRef = 1ACB7E9F2689CD80009538EA /* AppDelegate.swift */; };
		1ACB7EB72689CD82009538EA /* PostListViewModelTests.swift in Sources */ = {isa = PBXBuildFile; fileRef = 1ACB7EB62689CD82009538EA /* PostListViewModelTests.swift */; };
		1ACB7EC22689CD82009538EA /* SearchBlogCafeUITests.swift in Sources */ = {isa = PBXBuildFile; fileRef = 1ACB7EC12689CD82009538EA /* SearchBlogCafeUITests.swift */; };
		3E59A0CFB0C01899067A3235 /* Pods_SearchBlogCafe.framework in Frameworks */ = {isa = PBXBuildFile; fileRef = E3731E09698001E5310B78EE /* Pods_SearchBlogCafe.framework */; };
		4CBB15B4F1D944612A75D65C /* Pods_SearchBlogCafe_SearchBlogCafeUITests.framework in Frameworks */ = {isa = PBXBuildFile; fileRef = 6F82F76E5D49FD87C3E22542 /* Pods_SearchBlogCafe_SearchBlogCafeUITests.framework */; };
		DCB57F18B4F018ABF4CD80DA /* Pods_SearchBlogCafe_SearchBlogCafeTests.framework in Frameworks */ = {isa = PBXBuildFile; fileRef = D83873BF8850E9950E583FD3 /* Pods_SearchBlogCafe_SearchBlogCafeTests.framework */; };
/* End PBXBuildFile section */

/* Begin PBXContainerItemProxy section */
		1ACB7EB32689CD82009538EA /* PBXContainerItemProxy */ = {
			isa = PBXContainerItemProxy;
			containerPortal = 1ACB7E942689CD80009538EA /* Project object */;
			proxyType = 1;
			remoteGlobalIDString = 1ACB7E9B2689CD80009538EA;
			remoteInfo = SearchBlogCafe;
		};
		1ACB7EBE2689CD82009538EA /* PBXContainerItemProxy */ = {
			isa = PBXContainerItemProxy;
			containerPortal = 1ACB7E942689CD80009538EA /* Project object */;
			proxyType = 1;
			remoteGlobalIDString = 1ACB7E9B2689CD80009538EA;
			remoteInfo = SearchBlogCafe;
		};
/* End PBXContainerItemProxy section */

/* Begin PBXFileReference section */
		121C7420F03A98ECCC39810C /* Pods-SearchBlogCafe-SearchBlogCafeUITests.debug.xcconfig */ = {isa = PBXFileReference; includeInIndex = 1; lastKnownFileType = text.xcconfig; name = "Pods-SearchBlogCafe-SearchBlogCafeUITests.debug.xcconfig"; path = "Target Support Files/Pods-SearchBlogCafe-SearchBlogCafeUITests/Pods-SearchBlogCafe-SearchBlogCafeUITests.debug.xcconfig"; sourceTree = "<group>"; };
		13FC1671A42E3966AA2EACC6 /* Pods-SearchBlogCafeTests.debug.xcconfig */ = {isa = PBXFileReference; includeInIndex = 1; lastKnownFileType = text.xcconfig; name = "Pods-SearchBlogCafeTests.debug.xcconfig"; path = "Target Support Files/Pods-SearchBlogCafeTests/Pods-SearchBlogCafeTests.debug.xcconfig"; sourceTree = "<group>"; };
		1A333EC6268D7A700045B971 /* CafePosts.swift */ = {isa = PBXFileReference; fileEncoding = 4; lastKnownFileType = sourcecode.swift; name = CafePosts.swift; path = Models/CafePosts.swift; sourceTree = "<group>"; };
		1A333EC7268D7A700045B971 /* Post.swift */ = {isa = PBXFileReference; fileEncoding = 4; lastKnownFileType = sourcecode.swift; name = Post.swift; path = Models/Post.swift; sourceTree = "<group>"; };
		1A333EC8268D7A700045B971 /* BlogPosts.swift */ = {isa = PBXFileReference; fileEncoding = 4; lastKnownFileType = sourcecode.swift; name = BlogPosts.swift; path = Models/BlogPosts.swift; sourceTree = "<group>"; };
		1A333ECD268D7AEC0045B971 /* DetailViewController.swift */ = {isa = PBXFileReference; fileEncoding = 4; lastKnownFileType = sourcecode.swift; name = DetailViewController.swift; path = ViewControllers/DetailViewController.swift; sourceTree = "<group>"; };
		1A333ECE268D7AEC0045B971 /* PostViewController.swift */ = {isa = PBXFileReference; fileEncoding = 4; lastKnownFileType = sourcecode.swift; name = PostViewController.swift; path = ViewControllers/PostViewController.swift; sourceTree = "<group>"; };
		1A333ECF268D7AEC0045B971 /* PostListTableViewCell.swift */ = {isa = PBXFileReference; fileEncoding = 4; lastKnownFileType = sourcecode.swift; name = PostListTableViewCell.swift; path = ViewControllers/PostListTableViewCell.swift; sourceTree = "<group>"; };
		1A333ED0268D7AEC0045B971 /* PostListViewController.swift */ = {isa = PBXFileReference; fileEncoding = 4; lastKnownFileType = sourcecode.swift; name = PostListViewController.swift; path = ViewControllers/PostListViewController.swift; sourceTree = "<group>"; };
		1A333ED5268D7B390045B971 /* UITableView+Empty.swift */ = {isa = PBXFileReference; fileEncoding = 4; lastKnownFileType = sourcecode.swift; name = "UITableView+Empty.swift"; path = "Extentions/UITableView+Empty.swift"; sourceTree = "<group>"; };
		1A333EDB268D7B490045B971 /* DateUtil.swift */ = {isa = PBXFileReference; fileEncoding = 4; lastKnownFileType = sourcecode.swift; name = DateUtil.swift; path = Utilities/DateUtil.swift; sourceTree = "<group>"; };
		1A333EDD268D7BC70045B971 /* Assets.xcassets */ = {isa = PBXFileReference; lastKnownFileType = folder.assetcatalog; name = Assets.xcassets; path = Resources/Assets.xcassets; sourceTree = "<group>"; };
		1A333EDE268D7BC70045B971 /* PostListTableViewCell.xib */ = {isa = PBXFileReference; fileEncoding = 4; lastKnownFileType = file.xib; name = PostListTableViewCell.xib; path = Resources/PostListTableViewCell.xib; sourceTree = "<group>"; };
		1A333EE9268D7BD50045B971 /* Base */ = {isa = PBXFileReference; lastKnownFileType = file.storyboard; name = Base; path = Resources/Base.lproj/LaunchScreen.storyboard; sourceTree = "<group>"; };
		1A333EEB268D7BD50045B971 /* Base */ = {isa = PBXFileReference; lastKnownFileType = file.storyboard; name = Base; path = Resources/Base.lproj/Main.storyboard; sourceTree = "<group>"; };
		1A333EEF268D7CB20045B971 /* PostListViewModel.swift */ = {isa = PBXFileReference; lastKnownFileType = sourcecode.swift; name = PostListViewModel.swift; path = ViewModels/PostListViewModel.swift; sourceTree = "<group>"; };
		1A333EF4268D94830045B971 /* KakaoService.swift */ = {isa = PBXFileReference; fileEncoding = 4; lastKnownFileType = sourcecode.swift; name = KakaoService.swift; path = Services/KakaoService.swift; sourceTree = "<group>"; };
		1AB78C93268DFB3D008029F0 /* PostViewModel.swift */ = {isa = PBXFileReference; lastKnownFileType = sourcecode.swift; path = PostViewModel.swift; sourceTree = "<group>"; };
		1AB78CB3268F59C6008029F0 /* PostViewModelTests.swift */ = {isa = PBXFileReference; lastKnownFileType = sourcecode.swift; path = PostViewModelTests.swift; sourceTree = "<group>"; };
		1ACB7E9C2689CD80009538EA /* All Search.app */ = {isa = PBXFileReference; explicitFileType = wrapper.application; includeInIndex = 0; path = "All Search.app"; sourceTree = BUILT_PRODUCTS_DIR; };
		1ACB7E9F2689CD80009538EA /* AppDelegate.swift */ = {isa = PBXFileReference; lastKnownFileType = sourcecode.swift; path = AppDelegate.swift; sourceTree = "<group>"; };
		1ACB7EAD2689CD82009538EA /* Info.plist */ = {isa = PBXFileReference; lastKnownFileType = text.plist.xml; path = Info.plist; sourceTree = "<group>"; };
		1ACB7EB22689CD82009538EA /* SearchBlogCafeTests.xctest */ = {isa = PBXFileReference; explicitFileType = wrapper.cfbundle; includeInIndex = 0; path = SearchBlogCafeTests.xctest; sourceTree = BUILT_PRODUCTS_DIR; };
		1ACB7EB62689CD82009538EA /* PostListViewModelTests.swift */ = {isa = PBXFileReference; lastKnownFileType = sourcecode.swift; path = PostListViewModelTests.swift; sourceTree = "<group>"; };
		1ACB7EB82689CD82009538EA /* Info.plist */ = {isa = PBXFileReference; lastKnownFileType = text.plist.xml; path = Info.plist; sourceTree = "<group>"; };
		1ACB7EBD2689CD82009538EA /* SearchBlogCafeUITests.xctest */ = {isa = PBXFileReference; explicitFileType = wrapper.cfbundle; includeInIndex = 0; path = SearchBlogCafeUITests.xctest; sourceTree = BUILT_PRODUCTS_DIR; };
		1ACB7EC12689CD82009538EA /* SearchBlogCafeUITests.swift */ = {isa = PBXFileReference; lastKnownFileType = sourcecode.swift; path = SearchBlogCafeUITests.swift; sourceTree = "<group>"; };
		1ACB7EC32689CD82009538EA /* Info.plist */ = {isa = PBXFileReference; lastKnownFileType = text.plist.xml; path = Info.plist; sourceTree = "<group>"; };
		30B40E2C94233BE1694E6E29 /* Pods-SearchBlogCafe.release.xcconfig */ = {isa = PBXFileReference; includeInIndex = 1; lastKnownFileType = text.xcconfig; name = "Pods-SearchBlogCafe.release.xcconfig"; path = "Target Support Files/Pods-SearchBlogCafe/Pods-SearchBlogCafe.release.xcconfig"; sourceTree = "<group>"; };
		6592B67987D61C94A974D037 /* Pods-SearchBlogCafe.debug.xcconfig */ = {isa = PBXFileReference; includeInIndex = 1; lastKnownFileType = text.xcconfig; name = "Pods-SearchBlogCafe.debug.xcconfig"; path = "Target Support Files/Pods-SearchBlogCafe/Pods-SearchBlogCafe.debug.xcconfig"; sourceTree = "<group>"; };
		6F82F76E5D49FD87C3E22542 /* Pods_SearchBlogCafe_SearchBlogCafeUITests.framework */ = {isa = PBXFileReference; explicitFileType = wrapper.framework; includeInIndex = 0; path = Pods_SearchBlogCafe_SearchBlogCafeUITests.framework; sourceTree = BUILT_PRODUCTS_DIR; };
		7F87204E7968621376D250EE /* Pods-SearchBlogCafe-SearchBlogCafeTests.release.xcconfig */ = {isa = PBXFileReference; includeInIndex = 1; lastKnownFileType = text.xcconfig; name = "Pods-SearchBlogCafe-SearchBlogCafeTests.release.xcconfig"; path = "Target Support Files/Pods-SearchBlogCafe-SearchBlogCafeTests/Pods-SearchBlogCafe-SearchBlogCafeTests.release.xcconfig"; sourceTree = "<group>"; };
		97B4B7D65D6189FDD35F128A /* Pods-SearchBlogCafe-SearchBlogCafeTests.debug.xcconfig */ = {isa = PBXFileReference; includeInIndex = 1; lastKnownFileType = text.xcconfig; name = "Pods-SearchBlogCafe-SearchBlogCafeTests.debug.xcconfig"; path = "Target Support Files/Pods-SearchBlogCafe-SearchBlogCafeTests/Pods-SearchBlogCafe-SearchBlogCafeTests.debug.xcconfig"; sourceTree = "<group>"; };
		9F1072C06502EBCD6E6839D4 /* Pods-SearchBlogCafeTests.release.xcconfig */ = {isa = PBXFileReference; includeInIndex = 1; lastKnownFileType = text.xcconfig; name = "Pods-SearchBlogCafeTests.release.xcconfig"; path = "Target Support Files/Pods-SearchBlogCafeTests/Pods-SearchBlogCafeTests.release.xcconfig"; sourceTree = "<group>"; };
		BCD9ED324E9ABB9061BA85CB /* Pods-SearchBlogCafe-SearchBlogCafeUITests.release.xcconfig */ = {isa = PBXFileReference; includeInIndex = 1; lastKnownFileType = text.xcconfig; name = "Pods-SearchBlogCafe-SearchBlogCafeUITests.release.xcconfig"; path = "Target Support Files/Pods-SearchBlogCafe-SearchBlogCafeUITests/Pods-SearchBlogCafe-SearchBlogCafeUITests.release.xcconfig"; sourceTree = "<group>"; };
		D83873BF8850E9950E583FD3 /* Pods_SearchBlogCafe_SearchBlogCafeTests.framework */ = {isa = PBXFileReference; explicitFileType = wrapper.framework; includeInIndex = 0; path = Pods_SearchBlogCafe_SearchBlogCafeTests.framework; sourceTree = BUILT_PRODUCTS_DIR; };
		E3731E09698001E5310B78EE /* Pods_SearchBlogCafe.framework */ = {isa = PBXFileReference; explicitFileType = wrapper.framework; includeInIndex = 0; path = Pods_SearchBlogCafe.framework; sourceTree = BUILT_PRODUCTS_DIR; };
/* End PBXFileReference section */

/* Begin PBXFrameworksBuildPhase section */
		1ACB7E992689CD80009538EA /* Frameworks */ = {
			isa = PBXFrameworksBuildPhase;
			buildActionMask = 2147483647;
			files = (
				3E59A0CFB0C01899067A3235 /* Pods_SearchBlogCafe.framework in Frameworks */,
			);
			runOnlyForDeploymentPostprocessing = 0;
		};
		1ACB7EAF2689CD82009538EA /* Frameworks */ = {
			isa = PBXFrameworksBuildPhase;
			buildActionMask = 2147483647;
			files = (
				DCB57F18B4F018ABF4CD80DA /* Pods_SearchBlogCafe_SearchBlogCafeTests.framework in Frameworks */,
			);
			runOnlyForDeploymentPostprocessing = 0;
		};
		1ACB7EBA2689CD82009538EA /* Frameworks */ = {
			isa = PBXFrameworksBuildPhase;
			buildActionMask = 2147483647;
			files = (
				4CBB15B4F1D944612A75D65C /* Pods_SearchBlogCafe_SearchBlogCafeUITests.framework in Frameworks */,
			);
			runOnlyForDeploymentPostprocessing = 0;
		};
/* End PBXFrameworksBuildPhase section */

/* Begin PBXGroup section */
		0830F8F549569D8213D936BC /* Pods */ = {
			isa = PBXGroup;
			children = (
				6592B67987D61C94A974D037 /* Pods-SearchBlogCafe.debug.xcconfig */,
				30B40E2C94233BE1694E6E29 /* Pods-SearchBlogCafe.release.xcconfig */,
				121C7420F03A98ECCC39810C /* Pods-SearchBlogCafe-SearchBlogCafeUITests.debug.xcconfig */,
				BCD9ED324E9ABB9061BA85CB /* Pods-SearchBlogCafe-SearchBlogCafeUITests.release.xcconfig */,
				13FC1671A42E3966AA2EACC6 /* Pods-SearchBlogCafeTests.debug.xcconfig */,
				9F1072C06502EBCD6E6839D4 /* Pods-SearchBlogCafeTests.release.xcconfig */,
				97B4B7D65D6189FDD35F128A /* Pods-SearchBlogCafe-SearchBlogCafeTests.debug.xcconfig */,
				7F87204E7968621376D250EE /* Pods-SearchBlogCafe-SearchBlogCafeTests.release.xcconfig */,
			);
			path = Pods;
			sourceTree = "<group>";
		};
		16A644C3841BD46DE8117FE6 /* Frameworks */ = {
			isa = PBXGroup;
			children = (
				E3731E09698001E5310B78EE /* Pods_SearchBlogCafe.framework */,
				6F82F76E5D49FD87C3E22542 /* Pods_SearchBlogCafe_SearchBlogCafeUITests.framework */,
				D83873BF8850E9950E583FD3 /* Pods_SearchBlogCafe_SearchBlogCafeTests.framework */,
			);
			name = Frameworks;
			sourceTree = "<group>";
		};
		1A333EC5268CBF780045B971 /* Extentions */ = {
			isa = PBXGroup;
			children = (
				1A333ED5268D7B390045B971 /* UITableView+Empty.swift */,
			);
			name = Extentions;
			sourceTree = "<group>";
		};
		1A333ECC268D7ADD0045B971 /* ViewControllers */ = {
			isa = PBXGroup;
			children = (
				1A333ED0268D7AEC0045B971 /* PostListViewController.swift */,
				1A333ECF268D7AEC0045B971 /* PostListTableViewCell.swift */,
				1A333ECD268D7AEC0045B971 /* DetailViewController.swift */,
				1A333ECE268D7AEC0045B971 /* PostViewController.swift */,
			);
			name = ViewControllers;
			sourceTree = "<group>";
		};
		1A333EEE268D7BEE0045B971 /* ViewModels */ = {
			isa = PBXGroup;
			children = (
				1A333EEF268D7CB20045B971 /* PostListViewModel.swift */,
				1AB78C93268DFB3D008029F0 /* PostViewModel.swift */,
			);
			name = ViewModels;
			sourceTree = "<group>";
		};
		1A333EF1268D92EC0045B971 /* Services */ = {
			isa = PBXGroup;
			children = (
				1A333EF4268D94830045B971 /* KakaoService.swift */,
			);
			name = Services;
			sourceTree = "<group>";
		};
		1ACB7E932689CD80009538EA = {
			isa = PBXGroup;
			children = (
				1ACB7E9E2689CD80009538EA /* SearchBlogCafe */,
				1ACB7EB52689CD82009538EA /* SearchBlogCafeTests */,
				1ACB7EC02689CD82009538EA /* SearchBlogCafeUITests */,
				1ACB7E9D2689CD80009538EA /* Products */,
				0830F8F549569D8213D936BC /* Pods */,
				16A644C3841BD46DE8117FE6 /* Frameworks */,
			);
			sourceTree = "<group>";
		};
		1ACB7E9D2689CD80009538EA /* Products */ = {
			isa = PBXGroup;
			children = (
				1ACB7E9C2689CD80009538EA /* All Search.app */,
				1ACB7EB22689CD82009538EA /* SearchBlogCafeTests.xctest */,
				1ACB7EBD2689CD82009538EA /* SearchBlogCafeUITests.xctest */,
			);
			name = Products;
			sourceTree = "<group>";
		};
		1ACB7E9E2689CD80009538EA /* SearchBlogCafe */ = {
			isa = PBXGroup;
			children = (
				1A333ECC268D7ADD0045B971 /* ViewControllers */,
				1A333EEE268D7BEE0045B971 /* ViewModels */,
				1ACB7EDE268AD454009538EA /* Models */,
				1A333EF1268D92EC0045B971 /* Services */,
				1ACB7EDF268AD474009538EA /* Resources */,
				1ACB7EDD268AD439009538EA /* Utilities */,
				1A333EC5268CBF780045B971 /* Extentions */,
				1ACB7E9F2689CD80009538EA /* AppDelegate.swift */,
				1ACB7EAD2689CD82009538EA /* Info.plist */,
			);
			path = SearchBlogCafe;
			sourceTree = "<group>";
		};
		1ACB7EB52689CD82009538EA /* SearchBlogCafeTests */ = {
			isa = PBXGroup;
			children = (
				1ACB7EB62689CD82009538EA /* PostListViewModelTests.swift */,
				1AB78CB3268F59C6008029F0 /* PostViewModelTests.swift */,
				1ACB7EB82689CD82009538EA /* Info.plist */,
			);
			path = SearchBlogCafeTests;
			sourceTree = "<group>";
		};
		1ACB7EC02689CD82009538EA /* SearchBlogCafeUITests */ = {
			isa = PBXGroup;
			children = (
				1ACB7EC12689CD82009538EA /* SearchBlogCafeUITests.swift */,
				1ACB7EC32689CD82009538EA /* Info.plist */,
			);
			path = SearchBlogCafeUITests;
			sourceTree = "<group>";
		};
		1ACB7EDD268AD439009538EA /* Utilities */ = {
			isa = PBXGroup;
			children = (
				1A333EDB268D7B490045B971 /* DateUtil.swift */,
			);
			name = Utilities;
			sourceTree = "<group>";
		};
		1ACB7EDE268AD454009538EA /* Models */ = {
			isa = PBXGroup;
			children = (
				1A333EC8268D7A700045B971 /* BlogPosts.swift */,
				1A333EC6268D7A700045B971 /* CafePosts.swift */,
				1A333EC7268D7A700045B971 /* Post.swift */,
			);
			name = Models;
			sourceTree = "<group>";
		};
		1ACB7EDF268AD474009538EA /* Resources */ = {
			isa = PBXGroup;
			children = (
				1A333EDD268D7BC70045B971 /* Assets.xcassets */,
				1A333EE8268D7BD50045B971 /* LaunchScreen.storyboard */,
				1A333EEA268D7BD50045B971 /* Main.storyboard */,
				1A333EDE268D7BC70045B971 /* PostListTableViewCell.xib */,
			);
			name = Resources;
			sourceTree = "<group>";
		};
/* End PBXGroup section */

/* Begin PBXNativeTarget section */
		1ACB7E9B2689CD80009538EA /* SearchBlogCafe */ = {
			isa = PBXNativeTarget;
			buildConfigurationList = 1ACB7EC62689CD82009538EA /* Build configuration list for PBXNativeTarget "SearchBlogCafe" */;
			buildPhases = (
				CFAA4486B7C4D21CECCA35B3 /* [CP] Check Pods Manifest.lock */,
				1ACB7E982689CD80009538EA /* Sources */,
				1ACB7E992689CD80009538EA /* Frameworks */,
				1ACB7E9A2689CD80009538EA /* Resources */,
				3731C59A48F1877CEC042FFA /* [CP] Embed Pods Frameworks */,
			);
			buildRules = (
			);
			dependencies = (
			);
			name = SearchBlogCafe;
			productName = SearchBlogCafe;
			productReference = 1ACB7E9C2689CD80009538EA /* All Search.app */;
			productType = "com.apple.product-type.application";
		};
		1ACB7EB12689CD82009538EA /* SearchBlogCafeTests */ = {
			isa = PBXNativeTarget;
			buildConfigurationList = 1ACB7EC92689CD82009538EA /* Build configuration list for PBXNativeTarget "SearchBlogCafeTests" */;
			buildPhases = (
				47890481F776F9233A667291 /* [CP] Check Pods Manifest.lock */,
				1ACB7EAE2689CD82009538EA /* Sources */,
				1ACB7EAF2689CD82009538EA /* Frameworks */,
				1ACB7EB02689CD82009538EA /* Resources */,
				8D350A39CD67032066916B9C /* [CP] Embed Pods Frameworks */,
			);
			buildRules = (
			);
			dependencies = (
				1ACB7EB42689CD82009538EA /* PBXTargetDependency */,
			);
			name = SearchBlogCafeTests;
			productName = SearchBlogCafeTests;
			productReference = 1ACB7EB22689CD82009538EA /* SearchBlogCafeTests.xctest */;
			productType = "com.apple.product-type.bundle.unit-test";
		};
		1ACB7EBC2689CD82009538EA /* SearchBlogCafeUITests */ = {
			isa = PBXNativeTarget;
			buildConfigurationList = 1ACB7ECC2689CD82009538EA /* Build configuration list for PBXNativeTarget "SearchBlogCafeUITests" */;
			buildPhases = (
				45D226E88DB61E8C1086D4A3 /* [CP] Check Pods Manifest.lock */,
				1ACB7EB92689CD82009538EA /* Sources */,
				1ACB7EBA2689CD82009538EA /* Frameworks */,
				1ACB7EBB2689CD82009538EA /* Resources */,
				8A7E38B5F102879016C70AB9 /* [CP] Embed Pods Frameworks */,
			);
			buildRules = (
			);
			dependencies = (
				1ACB7EBF2689CD82009538EA /* PBXTargetDependency */,
			);
			name = SearchBlogCafeUITests;
			productName = SearchBlogCafeUITests;
			productReference = 1ACB7EBD2689CD82009538EA /* SearchBlogCafeUITests.xctest */;
			productType = "com.apple.product-type.bundle.ui-testing";
		};
/* End PBXNativeTarget section */

/* Begin PBXProject section */
		1ACB7E942689CD80009538EA /* Project object */ = {
			isa = PBXProject;
			attributes = {
				LastSwiftUpdateCheck = 1250;
				LastUpgradeCheck = 1250;
				TargetAttributes = {
					1ACB7E9B2689CD80009538EA = {
						CreatedOnToolsVersion = 12.5.1;
					};
					1ACB7EB12689CD82009538EA = {
						CreatedOnToolsVersion = 12.5.1;
						TestTargetID = 1ACB7E9B2689CD80009538EA;
					};
					1ACB7EBC2689CD82009538EA = {
						CreatedOnToolsVersion = 12.5.1;
						TestTargetID = 1ACB7E9B2689CD80009538EA;
					};
				};
			};
			buildConfigurationList = 1ACB7E972689CD80009538EA /* Build configuration list for PBXProject "SearchBlogCafe" */;
			compatibilityVersion = "Xcode 9.3";
			developmentRegion = en;
			hasScannedForEncodings = 0;
			knownRegions = (
				en,
				Base,
			);
			mainGroup = 1ACB7E932689CD80009538EA;
			productRefGroup = 1ACB7E9D2689CD80009538EA /* Products */;
			projectDirPath = "";
			projectRoot = "";
			targets = (
				1ACB7E9B2689CD80009538EA /* SearchBlogCafe */,
				1ACB7EB12689CD82009538EA /* SearchBlogCafeTests */,
				1ACB7EBC2689CD82009538EA /* SearchBlogCafeUITests */,
			);
		};
/* End PBXProject section */

/* Begin PBXResourcesBuildPhase section */
		1ACB7E9A2689CD80009538EA /* Resources */ = {
			isa = PBXResourcesBuildPhase;
			buildActionMask = 2147483647;
			files = (
				1A333EEC268D7BD50045B971 /* LaunchScreen.storyboard in Resources */,
				1A333EE4268D7BC70045B971 /* Assets.xcassets in Resources */,
				1A333EE5268D7BC70045B971 /* PostListTableViewCell.xib in Resources */,
				1A333EED268D7BD50045B971 /* Main.storyboard in Resources */,
			);
			runOnlyForDeploymentPostprocessing = 0;
		};
		1ACB7EB02689CD82009538EA /* Resources */ = {
			isa = PBXResourcesBuildPhase;
			buildActionMask = 2147483647;
			files = (
			);
			runOnlyForDeploymentPostprocessing = 0;
		};
		1ACB7EBB2689CD82009538EA /* Resources */ = {
			isa = PBXResourcesBuildPhase;
			buildActionMask = 2147483647;
			files = (
			);
			runOnlyForDeploymentPostprocessing = 0;
		};
/* End PBXResourcesBuildPhase section */

/* Begin PBXShellScriptBuildPhase section */
		3731C59A48F1877CEC042FFA /* [CP] Embed Pods Frameworks */ = {
			isa = PBXShellScriptBuildPhase;
			buildActionMask = 2147483647;
			files = (
			);
			inputFileListPaths = (
				"${PODS_ROOT}/Target Support Files/Pods-SearchBlogCafe/Pods-SearchBlogCafe-frameworks-${CONFIGURATION}-input-files.xcfilelist",
			);
			name = "[CP] Embed Pods Frameworks";
			outputFileListPaths = (
				"${PODS_ROOT}/Target Support Files/Pods-SearchBlogCafe/Pods-SearchBlogCafe-frameworks-${CONFIGURATION}-output-files.xcfilelist",
			);
			runOnlyForDeploymentPostprocessing = 0;
			shellPath = /bin/sh;
			shellScript = "\"${PODS_ROOT}/Target Support Files/Pods-SearchBlogCafe/Pods-SearchBlogCafe-frameworks.sh\"\n";
			showEnvVarsInLog = 0;
		};
		45D226E88DB61E8C1086D4A3 /* [CP] Check Pods Manifest.lock */ = {
			isa = PBXShellScriptBuildPhase;
			buildActionMask = 2147483647;
			files = (
			);
			inputFileListPaths = (
			);
			inputPaths = (
				"${PODS_PODFILE_DIR_PATH}/Podfile.lock",
				"${PODS_ROOT}/Manifest.lock",
			);
			name = "[CP] Check Pods Manifest.lock";
			outputFileListPaths = (
			);
			outputPaths = (
				"$(DERIVED_FILE_DIR)/Pods-SearchBlogCafe-SearchBlogCafeUITests-checkManifestLockResult.txt",
			);
			runOnlyForDeploymentPostprocessing = 0;
			shellPath = /bin/sh;
			shellScript = "diff \"${PODS_PODFILE_DIR_PATH}/Podfile.lock\" \"${PODS_ROOT}/Manifest.lock\" > /dev/null\nif [ $? != 0 ] ; then\n    # print error to STDERR\n    echo \"error: The sandbox is not in sync with the Podfile.lock. Run 'pod install' or update your CocoaPods installation.\" >&2\n    exit 1\nfi\n# This output is used by Xcode 'outputs' to avoid re-running this script phase.\necho \"SUCCESS\" > \"${SCRIPT_OUTPUT_FILE_0}\"\n";
			showEnvVarsInLog = 0;
		};
		47890481F776F9233A667291 /* [CP] Check Pods Manifest.lock */ = {
			isa = PBXShellScriptBuildPhase;
			buildActionMask = 2147483647;
			files = (
			);
			inputFileListPaths = (
			);
			inputPaths = (
				"${PODS_PODFILE_DIR_PATH}/Podfile.lock",
				"${PODS_ROOT}/Manifest.lock",
			);
			name = "[CP] Check Pods Manifest.lock";
			outputFileListPaths = (
			);
			outputPaths = (
				"$(DERIVED_FILE_DIR)/Pods-SearchBlogCafe-SearchBlogCafeTests-checkManifestLockResult.txt",
			);
			runOnlyForDeploymentPostprocessing = 0;
			shellPath = /bin/sh;
			shellScript = "diff \"${PODS_PODFILE_DIR_PATH}/Podfile.lock\" \"${PODS_ROOT}/Manifest.lock\" > /dev/null\nif [ $? != 0 ] ; then\n    # print error to STDERR\n    echo \"error: The sandbox is not in sync with the Podfile.lock. Run 'pod install' or update your CocoaPods installation.\" >&2\n    exit 1\nfi\n# This output is used by Xcode 'outputs' to avoid re-running this script phase.\necho \"SUCCESS\" > \"${SCRIPT_OUTPUT_FILE_0}\"\n";
			showEnvVarsInLog = 0;
		};
		8A7E38B5F102879016C70AB9 /* [CP] Embed Pods Frameworks */ = {
			isa = PBXShellScriptBuildPhase;
			buildActionMask = 2147483647;
			files = (
			);
			inputFileListPaths = (
				"${PODS_ROOT}/Target Support Files/Pods-SearchBlogCafe-SearchBlogCafeUITests/Pods-SearchBlogCafe-SearchBlogCafeUITests-frameworks-${CONFIGURATION}-input-files.xcfilelist",
			);
			name = "[CP] Embed Pods Frameworks";
			outputFileListPaths = (
				"${PODS_ROOT}/Target Support Files/Pods-SearchBlogCafe-SearchBlogCafeUITests/Pods-SearchBlogCafe-SearchBlogCafeUITests-frameworks-${CONFIGURATION}-output-files.xcfilelist",
			);
			runOnlyForDeploymentPostprocessing = 0;
			shellPath = /bin/sh;
			shellScript = "\"${PODS_ROOT}/Target Support Files/Pods-SearchBlogCafe-SearchBlogCafeUITests/Pods-SearchBlogCafe-SearchBlogCafeUITests-frameworks.sh\"\n";
			showEnvVarsInLog = 0;
		};
		8D350A39CD67032066916B9C /* [CP] Embed Pods Frameworks */ = {
			isa = PBXShellScriptBuildPhase;
			buildActionMask = 2147483647;
			files = (
			);
			inputFileListPaths = (
				"${PODS_ROOT}/Target Support Files/Pods-SearchBlogCafe-SearchBlogCafeTests/Pods-SearchBlogCafe-SearchBlogCafeTests-frameworks-${CONFIGURATION}-input-files.xcfilelist",
			);
			name = "[CP] Embed Pods Frameworks";
			outputFileListPaths = (
				"${PODS_ROOT}/Target Support Files/Pods-SearchBlogCafe-SearchBlogCafeTests/Pods-SearchBlogCafe-SearchBlogCafeTests-frameworks-${CONFIGURATION}-output-files.xcfilelist",
			);
			runOnlyForDeploymentPostprocessing = 0;
			shellPath = /bin/sh;
			shellScript = "\"${PODS_ROOT}/Target Support Files/Pods-SearchBlogCafe-SearchBlogCafeTests/Pods-SearchBlogCafe-SearchBlogCafeTests-frameworks.sh\"\n";
			showEnvVarsInLog = 0;
		};
		CFAA4486B7C4D21CECCA35B3 /* [CP] Check Pods Manifest.lock */ = {
			isa = PBXShellScriptBuildPhase;
			buildActionMask = 2147483647;
			files = (
			);
			inputFileListPaths = (
			);
			inputPaths = (
				"${PODS_PODFILE_DIR_PATH}/Podfile.lock",
				"${PODS_ROOT}/Manifest.lock",
			);
			name = "[CP] Check Pods Manifest.lock";
			outputFileListPaths = (
			);
			outputPaths = (
				"$(DERIVED_FILE_DIR)/Pods-SearchBlogCafe-checkManifestLockResult.txt",
			);
			runOnlyForDeploymentPostprocessing = 0;
			shellPath = /bin/sh;
			shellScript = "diff \"${PODS_PODFILE_DIR_PATH}/Podfile.lock\" \"${PODS_ROOT}/Manifest.lock\" > /dev/null\nif [ $? != 0 ] ; then\n    # print error to STDERR\n    echo \"error: The sandbox is not in sync with the Podfile.lock. Run 'pod install' or update your CocoaPods installation.\" >&2\n    exit 1\nfi\n# This output is used by Xcode 'outputs' to avoid re-running this script phase.\necho \"SUCCESS\" > \"${SCRIPT_OUTPUT_FILE_0}\"\n";
			showEnvVarsInLog = 0;
		};
/* End PBXShellScriptBuildPhase section */

/* Begin PBXSourcesBuildPhase section */
		1ACB7E982689CD80009538EA /* Sources */ = {
			isa = PBXSourcesBuildPhase;
			buildActionMask = 2147483647;
			files = (
				1AB78C94268DFB3D008029F0 /* PostViewModel.swift in Sources */,
				1A333ECA268D7A700045B971 /* Post.swift in Sources */,
				1A333EC9268D7A700045B971 /* CafePosts.swift in Sources */,
				1A333EF5268D94830045B971 /* KakaoService.swift in Sources */,
				1A333ED8268D7B390045B971 /* UITableView+Empty.swift in Sources */,
				1A333ED1268D7AEC0045B971 /* DetailViewController.swift in Sources */,
				1A333ED4268D7AEC0045B971 /* PostListViewController.swift in Sources */,
				1A333EF0268D7CB20045B971 /* PostListViewModel.swift in Sources */,
				1A333ECB268D7A700045B971 /* BlogPosts.swift in Sources */,
				1A333ED3268D7AEC0045B971 /* PostListTableViewCell.swift in Sources */,
				1A333EDC268D7B490045B971 /* DateUtil.swift in Sources */,
				1ACB7EA02689CD80009538EA /* AppDelegate.swift in Sources */,
				1A333ED2268D7AEC0045B971 /* PostViewController.swift in Sources */,
			);
			runOnlyForDeploymentPostprocessing = 0;
		};
		1ACB7EAE2689CD82009538EA /* Sources */ = {
			isa = PBXSourcesBuildPhase;
			buildActionMask = 2147483647;
			files = (
				1AB78CB4268F59C6008029F0 /* PostViewModelTests.swift in Sources */,
				1AB78C9F268F1CE7008029F0 /* PostViewModel.swift in Sources */,
				1A313B4B26A573D600927EC3 /* KakaoService.swift in Sources */,
				1A313B4D26A5918400927EC3 /* CafePosts.swift in Sources */,
				1ACB7EB72689CD82009538EA /* PostListViewModelTests.swift in Sources */,
				1AB78CB5268F6E35008029F0 /* DateUtil.swift in Sources */,
				1AB78C9D268F1CE4008029F0 /* PostListViewModel.swift in Sources */,
				1AB78CA5268F1CF0008029F0 /* Post.swift in Sources */,
				1A313B4C26A5918100927EC3 /* BlogPosts.swift in Sources */,
			);
			runOnlyForDeploymentPostprocessing = 0;
		};
		1ACB7EB92689CD82009538EA /* Sources */ = {
			isa = PBXSourcesBuildPhase;
			buildActionMask = 2147483647;
			files = (
				1ACB7EC22689CD82009538EA /* SearchBlogCafeUITests.swift in Sources */,
			);
			runOnlyForDeploymentPostprocessing = 0;
		};
/* End PBXSourcesBuildPhase section */

/* Begin PBXTargetDependency section */
		1ACB7EB42689CD82009538EA /* PBXTargetDependency */ = {
			isa = PBXTargetDependency;
			target = 1ACB7E9B2689CD80009538EA /* SearchBlogCafe */;
			targetProxy = 1ACB7EB32689CD82009538EA /* PBXContainerItemProxy */;
		};
		1ACB7EBF2689CD82009538EA /* PBXTargetDependency */ = {
			isa = PBXTargetDependency;
			target = 1ACB7E9B2689CD80009538EA /* SearchBlogCafe */;
			targetProxy = 1ACB7EBE2689CD82009538EA /* PBXContainerItemProxy */;
		};
/* End PBXTargetDependency section */

/* Begin PBXVariantGroup section */
		1A333EE8268D7BD50045B971 /* LaunchScreen.storyboard */ = {
			isa = PBXVariantGroup;
			children = (
				1A333EE9268D7BD50045B971 /* Base */,
			);
			name = LaunchScreen.storyboard;
			sourceTree = "<group>";
		};
		1A333EEA268D7BD50045B971 /* Main.storyboard */ = {
			isa = PBXVariantGroup;
			children = (
				1A333EEB268D7BD50045B971 /* Base */,
			);
			name = Main.storyboard;
			sourceTree = "<group>";
		};
/* End PBXVariantGroup section */

/* Begin XCBuildConfiguration section */
		1ACB7EC42689CD82009538EA /* Debug */ = {
			isa = XCBuildConfiguration;
			buildSettings = {
				ALWAYS_SEARCH_USER_PATHS = NO;
				CLANG_ANALYZER_NONNULL = YES;
				CLANG_ANALYZER_NUMBER_OBJECT_CONVERSION = YES_AGGRESSIVE;
				CLANG_CXX_LANGUAGE_STANDARD = "gnu++14";
				CLANG_CXX_LIBRARY = "libc++";
				CLANG_ENABLE_MODULES = YES;
				CLANG_ENABLE_OBJC_ARC = YES;
				CLANG_ENABLE_OBJC_WEAK = YES;
				CLANG_WARN_BLOCK_CAPTURE_AUTORELEASING = YES;
				CLANG_WARN_BOOL_CONVERSION = YES;
				CLANG_WARN_COMMA = YES;
				CLANG_WARN_CONSTANT_CONVERSION = YES;
				CLANG_WARN_DEPRECATED_OBJC_IMPLEMENTATIONS = YES;
				CLANG_WARN_DIRECT_OBJC_ISA_USAGE = YES_ERROR;
				CLANG_WARN_DOCUMENTATION_COMMENTS = YES;
				CLANG_WARN_EMPTY_BODY = YES;
				CLANG_WARN_ENUM_CONVERSION = YES;
				CLANG_WARN_INFINITE_RECURSION = YES;
				CLANG_WARN_INT_CONVERSION = YES;
				CLANG_WARN_NON_LITERAL_NULL_CONVERSION = YES;
				CLANG_WARN_OBJC_IMPLICIT_RETAIN_SELF = YES;
				CLANG_WARN_OBJC_LITERAL_CONVERSION = YES;
				CLANG_WARN_OBJC_ROOT_CLASS = YES_ERROR;
				CLANG_WARN_QUOTED_INCLUDE_IN_FRAMEWORK_HEADER = YES;
				CLANG_WARN_RANGE_LOOP_ANALYSIS = YES;
				CLANG_WARN_STRICT_PROTOTYPES = YES;
				CLANG_WARN_SUSPICIOUS_MOVE = YES;
				CLANG_WARN_UNGUARDED_AVAILABILITY = YES_AGGRESSIVE;
				CLANG_WARN_UNREACHABLE_CODE = YES;
				CLANG_WARN__DUPLICATE_METHOD_MATCH = YES;
				COPY_PHASE_STRIP = NO;
				DEBUG_INFORMATION_FORMAT = dwarf;
				ENABLE_STRICT_OBJC_MSGSEND = YES;
				ENABLE_TESTABILITY = YES;
				GCC_C_LANGUAGE_STANDARD = gnu11;
				GCC_DYNAMIC_NO_PIC = NO;
				GCC_NO_COMMON_BLOCKS = YES;
				GCC_OPTIMIZATION_LEVEL = 0;
				GCC_PREPROCESSOR_DEFINITIONS = (
					"DEBUG=1",
					"$(inherited)",
				);
				GCC_WARN_64_TO_32_BIT_CONVERSION = YES;
				GCC_WARN_ABOUT_RETURN_TYPE = YES_ERROR;
				GCC_WARN_UNDECLARED_SELECTOR = YES;
				GCC_WARN_UNINITIALIZED_AUTOS = YES_AGGRESSIVE;
				GCC_WARN_UNUSED_FUNCTION = YES;
				GCC_WARN_UNUSED_VARIABLE = YES;
				IPHONEOS_DEPLOYMENT_TARGET = 11.0;
				MTL_ENABLE_DEBUG_INFO = INCLUDE_SOURCE;
				MTL_FAST_MATH = YES;
				ONLY_ACTIVE_ARCH = YES;
				SDKROOT = iphoneos;
				SWIFT_ACTIVE_COMPILATION_CONDITIONS = DEBUG;
				SWIFT_OPTIMIZATION_LEVEL = "-Onone";
			};
			name = Debug;
		};
		1ACB7EC52689CD82009538EA /* Release */ = {
			isa = XCBuildConfiguration;
			buildSettings = {
				ALWAYS_SEARCH_USER_PATHS = NO;
				CLANG_ANALYZER_NONNULL = YES;
				CLANG_ANALYZER_NUMBER_OBJECT_CONVERSION = YES_AGGRESSIVE;
				CLANG_CXX_LANGUAGE_STANDARD = "gnu++14";
				CLANG_CXX_LIBRARY = "libc++";
				CLANG_ENABLE_MODULES = YES;
				CLANG_ENABLE_OBJC_ARC = YES;
				CLANG_ENABLE_OBJC_WEAK = YES;
				CLANG_WARN_BLOCK_CAPTURE_AUTORELEASING = YES;
				CLANG_WARN_BOOL_CONVERSION = YES;
				CLANG_WARN_COMMA = YES;
				CLANG_WARN_CONSTANT_CONVERSION = YES;
				CLANG_WARN_DEPRECATED_OBJC_IMPLEMENTATIONS = YES;
				CLANG_WARN_DIRECT_OBJC_ISA_USAGE = YES_ERROR;
				CLANG_WARN_DOCUMENTATION_COMMENTS = YES;
				CLANG_WARN_EMPTY_BODY = YES;
				CLANG_WARN_ENUM_CONVERSION = YES;
				CLANG_WARN_INFINITE_RECURSION = YES;
				CLANG_WARN_INT_CONVERSION = YES;
				CLANG_WARN_NON_LITERAL_NULL_CONVERSION = YES;
				CLANG_WARN_OBJC_IMPLICIT_RETAIN_SELF = YES;
				CLANG_WARN_OBJC_LITERAL_CONVERSION = YES;
				CLANG_WARN_OBJC_ROOT_CLASS = YES_ERROR;
				CLANG_WARN_QUOTED_INCLUDE_IN_FRAMEWORK_HEADER = YES;
				CLANG_WARN_RANGE_LOOP_ANALYSIS = YES;
				CLANG_WARN_STRICT_PROTOTYPES = YES;
				CLANG_WARN_SUSPICIOUS_MOVE = YES;
				CLANG_WARN_UNGUARDED_AVAILABILITY = YES_AGGRESSIVE;
				CLANG_WARN_UNREACHABLE_CODE = YES;
				CLANG_WARN__DUPLICATE_METHOD_MATCH = YES;
				COPY_PHASE_STRIP = NO;
				DEBUG_INFORMATION_FORMAT = "dwarf-with-dsym";
				ENABLE_NS_ASSERTIONS = NO;
				ENABLE_STRICT_OBJC_MSGSEND = YES;
				GCC_C_LANGUAGE_STANDARD = gnu11;
				GCC_NO_COMMON_BLOCKS = YES;
				GCC_WARN_64_TO_32_BIT_CONVERSION = YES;
				GCC_WARN_ABOUT_RETURN_TYPE = YES_ERROR;
				GCC_WARN_UNDECLARED_SELECTOR = YES;
				GCC_WARN_UNINITIALIZED_AUTOS = YES_AGGRESSIVE;
				GCC_WARN_UNUSED_FUNCTION = YES;
				GCC_WARN_UNUSED_VARIABLE = YES;
				IPHONEOS_DEPLOYMENT_TARGET = 11.0;
				MTL_ENABLE_DEBUG_INFO = NO;
				MTL_FAST_MATH = YES;
				SDKROOT = iphoneos;
				SWIFT_COMPILATION_MODE = wholemodule;
				SWIFT_OPTIMIZATION_LEVEL = "-O";
				VALIDATE_PRODUCT = YES;
			};
			name = Release;
		};
		1ACB7EC72689CD82009538EA /* Debug */ = {
			isa = XCBuildConfiguration;
			baseConfigurationReference = 6592B67987D61C94A974D037 /* Pods-SearchBlogCafe.debug.xcconfig */;
			buildSettings = {
				ASSETCATALOG_COMPILER_APPICON_NAME = AppIcon;
				ASSETCATALOG_COMPILER_GLOBAL_ACCENT_COLOR_NAME = AccentColor;
				CODE_SIGN_STYLE = Automatic;
				DEVELOPMENT_TEAM = 8L5GQUP5L4;
				INFOPLIST_FILE = SearchBlogCafe/Info.plist;
				LD_RUNPATH_SEARCH_PATHS = (
					"$(inherited)",
					"@executable_path/Frameworks",
				);
				PRODUCT_BUNDLE_IDENTIFIER = com.yurim.SearchBlogCafe;
				PRODUCT_NAME = "All Search";
				SWIFT_VERSION = 5.0;
				TARGETED_DEVICE_FAMILY = "1,2";
			};
			name = Debug;
		};
		1ACB7EC82689CD82009538EA /* Release */ = {
			isa = XCBuildConfiguration;
			baseConfigurationReference = 30B40E2C94233BE1694E6E29 /* Pods-SearchBlogCafe.release.xcconfig */;
			buildSettings = {
				ASSETCATALOG_COMPILER_APPICON_NAME = AppIcon;
				ASSETCATALOG_COMPILER_GLOBAL_ACCENT_COLOR_NAME = AccentColor;
				CODE_SIGN_STYLE = Automatic;
				DEVELOPMENT_TEAM = 8L5GQUP5L4;
				INFOPLIST_FILE = SearchBlogCafe/Info.plist;
				LD_RUNPATH_SEARCH_PATHS = (
					"$(inherited)",
					"@executable_path/Frameworks",
				);
				PRODUCT_BUNDLE_IDENTIFIER = com.yurim.SearchBlogCafe;
				PRODUCT_NAME = "All Search";
				SWIFT_VERSION = 5.0;
				TARGETED_DEVICE_FAMILY = "1,2";
			};
			name = Release;
		};
		1ACB7ECA2689CD82009538EA /* Debug */ = {
			isa = XCBuildConfiguration;
			baseConfigurationReference = 97B4B7D65D6189FDD35F128A /* Pods-SearchBlogCafe-SearchBlogCafeTests.debug.xcconfig */;
			buildSettings = {
				ALWAYS_EMBED_SWIFT_STANDARD_LIBRARIES = YES;
				BUNDLE_LOADER = "$(TEST_HOST)";
				CODE_SIGN_STYLE = Automatic;
				DEVELOPMENT_TEAM = 8L5GQUP5L4;
				INFOPLIST_FILE = SearchBlogCafeTests/Info.plist;
				IPHONEOS_DEPLOYMENT_TARGET = 14.5;
				LD_RUNPATH_SEARCH_PATHS = (
					"$(inherited)",
					"@executable_path/Frameworks",
					"@loader_path/Frameworks",
				);
				PRODUCT_BUNDLE_IDENTIFIER = com.yurim.SearchBlogCafeTests;
				PRODUCT_NAME = "$(TARGET_NAME)";
				SWIFT_VERSION = 5.0;
				TARGETED_DEVICE_FAMILY = "1,2";
				TEST_HOST = "$(BUILT_PRODUCTS_DIR)/All Search.app/All Search";
			};
			name = Debug;
		};
		1ACB7ECB2689CD82009538EA /* Release */ = {
			isa = XCBuildConfiguration;
			baseConfigurationReference = 7F87204E7968621376D250EE /* Pods-SearchBlogCafe-SearchBlogCafeTests.release.xcconfig */;
			buildSettings = {
				ALWAYS_EMBED_SWIFT_STANDARD_LIBRARIES = YES;
				BUNDLE_LOADER = "$(TEST_HOST)";
				CODE_SIGN_STYLE = Automatic;
				DEVELOPMENT_TEAM = 8L5GQUP5L4;
				INFOPLIST_FILE = SearchBlogCafeTests/Info.plist;
				IPHONEOS_DEPLOYMENT_TARGET = 14.5;
				LD_RUNPATH_SEARCH_PATHS = (
					"$(inherited)",
					"@executable_path/Frameworks",
					"@loader_path/Frameworks",
				);
				PRODUCT_BUNDLE_IDENTIFIER = com.yurim.SearchBlogCafeTests;
				PRODUCT_NAME = "$(TARGET_NAME)";
				SWIFT_VERSION = 5.0;
				TARGETED_DEVICE_FAMILY = "1,2";
				TEST_HOST = "$(BUILT_PRODUCTS_DIR)/All Search.app/All Search";
			};
			name = Release;
		};
		1ACB7ECD2689CD82009538EA /* Debug */ = {
			isa = XCBuildConfiguration;
			baseConfigurationReference = 121C7420F03A98ECCC39810C /* Pods-SearchBlogCafe-SearchBlogCafeUITests.debug.xcconfig */;
			buildSettings = {
				ALWAYS_EMBED_SWIFT_STANDARD_LIBRARIES = YES;
				CODE_SIGN_STYLE = Automatic;
				DEVELOPMENT_TEAM = 8L5GQUP5L4;
				INFOPLIST_FILE = SearchBlogCafeUITests/Info.plist;
				LD_RUNPATH_SEARCH_PATHS = (
					"$(inherited)",
					"@executable_path/Frameworks",
					"@loader_path/Frameworks",
				);
				PRODUCT_BUNDLE_IDENTIFIER = com.yurim.SearchBlogCafeUITests;
				PRODUCT_NAME = "$(TARGET_NAME)";
				SWIFT_VERSION = 5.0;
				TARGETED_DEVICE_FAMILY = "1,2";
				TEST_TARGET_NAME = SearchBlogCafe;
			};
			name = Debug;
		};
		1ACB7ECE2689CD82009538EA /* Release */ = {
			isa = XCBuildConfiguration;
			baseConfigurationReference = BCD9ED324E9ABB9061BA85CB /* Pods-SearchBlogCafe-SearchBlogCafeUITests.release.xcconfig */;
			buildSettings = {
				ALWAYS_EMBED_SWIFT_STANDARD_LIBRARIES = YES;
				CODE_SIGN_STYLE = Automatic;
				DEVELOPMENT_TEAM = 8L5GQUP5L4;
				INFOPLIST_FILE = SearchBlogCafeUITests/Info.plist;
				LD_RUNPATH_SEARCH_PATHS = (
					"$(inherited)",
					"@executable_path/Frameworks",
					"@loader_path/Frameworks",
				);
				PRODUCT_BUNDLE_IDENTIFIER = com.yurim.SearchBlogCafeUITests;
				PRODUCT_NAME = "$(TARGET_NAME)";
				SWIFT_VERSION = 5.0;
				TARGETED_DEVICE_FAMILY = "1,2";
				TEST_TARGET_NAME = SearchBlogCafe;
			};
			name = Release;
		};
/* End XCBuildConfiguration section */

/* Begin XCConfigurationList section */
		1ACB7E972689CD80009538EA /* Build configuration list for PBXProject "SearchBlogCafe" */ = {
			isa = XCConfigurationList;
			buildConfigurations = (
				1ACB7EC42689CD82009538EA /* Debug */,
				1ACB7EC52689CD82009538EA /* Release */,
			);
			defaultConfigurationIsVisible = 0;
			defaultConfigurationName = Release;
		};
		1ACB7EC62689CD82009538EA /* Build configuration list for PBXNativeTarget "SearchBlogCafe" */ = {
			isa = XCConfigurationList;
			buildConfigurations = (
				1ACB7EC72689CD82009538EA /* Debug */,
				1ACB7EC82689CD82009538EA /* Release */,
			);
			defaultConfigurationIsVisible = 0;
			defaultConfigurationName = Release;
		};
		1ACB7EC92689CD82009538EA /* Build configuration list for PBXNativeTarget "SearchBlogCafeTests" */ = {
			isa = XCConfigurationList;
			buildConfigurations = (
				1ACB7ECA2689CD82009538EA /* Debug */,
				1ACB7ECB2689CD82009538EA /* Release */,
			);
			defaultConfigurationIsVisible = 0;
			defaultConfigurationName = Release;
		};
		1ACB7ECC2689CD82009538EA /* Build configuration list for PBXNativeTarget "SearchBlogCafeUITests" */ = {
			isa = XCConfigurationList;
			buildConfigurations = (
				1ACB7ECD2689CD82009538EA /* Debug */,
				1ACB7ECE2689CD82009538EA /* Release */,
			);
			defaultConfigurationIsVisible = 0;
			defaultConfigurationName = Release;
		};
/* End XCConfigurationList section */
	};
	rootObject = 1ACB7E942689CD80009538EA /* Project object */;
}
